
Microsoft Visual Studio Solution File, Format Version 12.00
# Visual Studio 2013
VisualStudioVersion = 12.0.40629.0
MinimumVisualStudioVersion = 10.0.40219.1
Project("{FAE04EC0-301F-11D3-BF4B-00C04F79EFBC}") = "WebApplicationNLog2", "WebApplicationNLog2\WebApplicationNLog2.csproj", "{208CFC9D-9AD9-49BC-8993-CC187C26E34E}"
EndProject
Project("{2150E333-8FDC-42A3-9474-1A3956D46DE8}") = "Solution Items", "Solution Items", "{0D9817A1-8094-43D1-A2EE-2000705B8110}"
	ProjectSection(SolutionItems) = preProject
		README.md = README.md
	EndProjectSection
EndProject
Global
	GlobalSection(SolutionConfigurationPlatforms) = preSolution
		Debug|Any CPU = Debug|Any CPU
		Release|Any CPU = Release|Any CPU
	EndGlobalSection
	GlobalSection(ProjectConfigurationPlatforms) = postSolution
		{208CFC9D-9AD9-49BC-8993-CC187C26E34E}.Debug|Any CPU.ActiveCfg = Debug|Any CPU
		{208CFC9D-9AD9-49BC-8993-CC187C26E34E}.Debug|Any CPU.Build.0 = Debug|Any CPU
		{208CFC9D-9AD9-49BC-8993-CC187C26E34E}.Release|Any CPU.ActiveCfg = Release|Any CPU
		{208CFC9D-9AD9-49BC-8993-CC187C26E34E}.Release|Any CPU.Build.0 = Release|Any CPU
	EndGlobalSection
	GlobalSection(SolutionProperties) = preSolution
		HideSolutionNode = FALSE
	EndGlobalSection
EndGlobal
